
Microsoft Visual Studio Solution File, Format Version 12.00
# Visual Studio Version 17
VisualStudioVersion = 17.3.32804.467
MinimumVisualStudioVersion = 10.0.40219.1
Project("{FAE04EC0-301F-11D3-BF4B-00C04F79EFBC}") = "HomeWork", "HomeWork\HomeWork.csproj", "{A0A27595-79FB-4B3F-9EEA-8AF22C1CB647}"
EndProject
Project("{FAE04EC0-301F-11D3-BF4B-00C04F79EFBC}") = "ParityCheckHW", "ParityCheckHW\ParityCheckHW.csproj", "{E16CA455-D51D-41D0-87BF-EC4038F2FCFD}"
EndProject
Project("{FAE04EC0-301F-11D3-BF4B-00C04F79EFBC}") = "Calculator", "Calculator\Calculator.csproj", "{B20A43B0-2C47-4C16-B058-CD10BFFAA1E3}"
EndProject
Project("{FAE04EC0-301F-11D3-BF4B-00C04F79EFBC}") = "CountEvenNumbers", "CountEvenNumbers\CountEvenNumbers.csproj", "{79CA0809-2D35-42B9-8CD0-89888843565A}"
EndProject
Project("{FAE04EC0-301F-11D3-BF4B-00C04F79EFBC}") = "Triangle_1", "Triangle\Triangle_1.csproj", "{4313279C-A617-47E3-8D81-3E0732FC4F57}"
EndProject
Project("{FAE04EC0-301F-11D3-BF4B-00C04F79EFBC}") = "Triangle_2", "Triangle1\Triangle_2.csproj", "{14C87362-8A36-4C86-84AB-27E77968D4CC}"
EndProject
Project("{FAE04EC0-301F-11D3-BF4B-00C04F79EFBC}") = "Triangle_3", "Triangle_2\Triangle_3.csproj", "{DA5F75E0-C7B8-45EF-9ED9-1BE587277A29}"
EndProject
Project("{FAE04EC0-301F-11D3-BF4B-00C04F79EFBC}") = "Triangle_4", "Triangle_3\Triangle_4.csproj", "{6D759A3C-0883-4753-B632-5F543268BBC0}"
EndProject
Project("{2150E333-8FDC-42A3-9474-1A3956D46DE8}") = "Triangle", "Triangle", "{E092BCC1-07B6-44F1-8F5A-B89FC910894B}"
EndProject
Project("{FAE04EC0-301F-11D3-BF4B-00C04F79EFBC}") = "WorkArray_1", "WorkArray\WorkArray_1.csproj", "{8386C507-3609-4102-AAD9-95B8628F1916}"
EndProject
Project("{FAE04EC0-301F-11D3-BF4B-00C04F79EFBC}") = "WorkArray_2", "WorkArray_2\WorkArray_2.csproj", "{223DDF31-C89C-4AA0-ABF3-F8504D9F156C}"
EndProject
Project("{FAE04EC0-301F-11D3-BF4B-00C04F79EFBC}") = "WorkArray_3", "WorkArray_3\WorkArray_3.csproj", "{6E6664A5-12DF-4A56-8F7D-CEB0AD273678}"
EndProject
Project("{FAE04EC0-301F-11D3-BF4B-00C04F79EFBC}") = "WorkArray_4", "WorkArray_4\WorkArray_4.csproj", "{A88C98CA-B24C-4627-BD34-8029802F63DD}"
EndProject
Project("{2150E333-8FDC-42A3-9474-1A3956D46DE8}") = "WorkArray", "WorkArray", "{9E79191C-3476-4FD3-955D-D77946D16CEB}"
EndProject
Project("{FAE04EC0-301F-11D3-BF4B-00C04F79EFBC}") = "TwoDimensionalArray_1", "TwoDimensionalArray_1\TwoDimensionalArray_1.csproj", "{D6C87DA7-EBA0-4F02-A81F-1761C2651E96}"
EndProject
Project("{FAE04EC0-301F-11D3-BF4B-00C04F79EFBC}") = "SteppedArray", "SteppedArray\SteppedArray.csproj", "{BA2F7C2B-D391-431C-95F8-53FC66E85C07}"
EndProject
Project("{FAE04EC0-301F-11D3-BF4B-00C04F79EFBC}") = "ThreeDimensionalArray", "ThreeDimensionalArrai\ThreeDimensionalArray.csproj", "{47557D87-6FAE-485C-938C-0468F40CE6E8}"
EndProject
Project("{FAE04EC0-301F-11D3-BF4B-00C04F79EFBC}") = "StringMethod", "StringMethod\StringMethod.csproj", "{D113259F-264A-417B-A713-99772857B212}"
EndProject
Project("{FAE04EC0-301F-11D3-BF4B-00C04F79EFBC}") = "SearchArrayIndex", "SearchArrayIndex\SearchArrayIndex.csproj", "{85E41B2C-5ED0-4D15-99DD-1AF1B7E5C470}"
EndProject
Project("{9A19103F-16F7-4668-BE54-9A1E7A4F7556}") = "ModifierIn", "ModifierIn\ModifierIn.csproj", "{549AA6F2-42BB-4F11-8E5A-C36D84CF20C1}"
EndProject
Project("{9A19103F-16F7-4668-BE54-9A1E7A4F7556}") = "MethodParams", "MethodParams\MethodParams.csproj", "{614B90AF-E642-41C1-BE5D-CE7CEAFA4259}"
EndProject
Project("{2150E333-8FDC-42A3-9474-1A3956D46DE8}") = "Recursion", "Recursion", "{979CC4D8-9A80-4FFB-915B-51D732D1026F}"
EndProject
Project("{9A19103F-16F7-4668-BE54-9A1E7A4F7556}") = "Recursion_1", "Recursion_1\Recursion_1.csproj", "{4714984A-55AE-4154-929A-D722A40ED5F3}"
EndProject
Project("{9A19103F-16F7-4668-BE54-9A1E7A4F7556}") = "Recursion_2", "Recursion_2\Recursion_2.csproj", "{EDAC1343-22C5-4A13-B723-2C93DAF47641}"
EndProject
Project("{9A19103F-16F7-4668-BE54-9A1E7A4F7556}") = "Recursion_3", "Recursion_3\Recursion_3.csproj", "{9F970E3A-3D01-4AC3-B07F-7FA66D3BE06D}"
EndProject
Project("{FAE04EC0-301F-11D3-BF4B-00C04F79EFBC}") = "ConsoleReadKeyEnum", "ConsoleReadKeyEnum\ConsoleReadKeyEnum.csproj", "{1982EFC4-625F-46AD-9629-8F9D2D6FBDC6}"
EndProject
Global
	GlobalSection(SolutionConfigurationPlatforms) = preSolution
		Debug|Any CPU = Debug|Any CPU
		Release|Any CPU = Release|Any CPU
	EndGlobalSection
	GlobalSection(ProjectConfigurationPlatforms) = postSolution
		{A0A27595-79FB-4B3F-9EEA-8AF22C1CB647}.Debug|Any CPU.ActiveCfg = Debug|Any CPU
		{A0A27595-79FB-4B3F-9EEA-8AF22C1CB647}.Debug|Any CPU.Build.0 = Debug|Any CPU
		{A0A27595-79FB-4B3F-9EEA-8AF22C1CB647}.Release|Any CPU.ActiveCfg = Release|Any CPU
		{A0A27595-79FB-4B3F-9EEA-8AF22C1CB647}.Release|Any CPU.Build.0 = Release|Any CPU
		{E16CA455-D51D-41D0-87BF-EC4038F2FCFD}.Debug|Any CPU.ActiveCfg = Debug|Any CPU
		{E16CA455-D51D-41D0-87BF-EC4038F2FCFD}.Debug|Any CPU.Build.0 = Debug|Any CPU
		{E16CA455-D51D-41D0-87BF-EC4038F2FCFD}.Release|Any CPU.ActiveCfg = Release|Any CPU
		{E16CA455-D51D-41D0-87BF-EC4038F2FCFD}.Release|Any CPU.Build.0 = Release|Any CPU
		{B20A43B0-2C47-4C16-B058-CD10BFFAA1E3}.Debug|Any CPU.ActiveCfg = Debug|Any CPU
		{B20A43B0-2C47-4C16-B058-CD10BFFAA1E3}.Debug|Any CPU.Build.0 = Debug|Any CPU
		{B20A43B0-2C47-4C16-B058-CD10BFFAA1E3}.Release|Any CPU.ActiveCfg = Release|Any CPU
		{B20A43B0-2C47-4C16-B058-CD10BFFAA1E3}.Release|Any CPU.Build.0 = Release|Any CPU
		{79CA0809-2D35-42B9-8CD0-89888843565A}.Debug|Any CPU.ActiveCfg = Debug|Any CPU
		{79CA0809-2D35-42B9-8CD0-89888843565A}.Debug|Any CPU.Build.0 = Debug|Any CPU
		{79CA0809-2D35-42B9-8CD0-89888843565A}.Release|Any CPU.ActiveCfg = Release|Any CPU
		{79CA0809-2D35-42B9-8CD0-89888843565A}.Release|Any CPU.Build.0 = Release|Any CPU
		{4313279C-A617-47E3-8D81-3E0732FC4F57}.Debug|Any CPU.ActiveCfg = Debug|Any CPU
		{4313279C-A617-47E3-8D81-3E0732FC4F57}.Debug|Any CPU.Build.0 = Debug|Any CPU
		{4313279C-A617-47E3-8D81-3E0732FC4F57}.Release|Any CPU.ActiveCfg = Release|Any CPU
		{4313279C-A617-47E3-8D81-3E0732FC4F57}.Release|Any CPU.Build.0 = Release|Any CPU
		{14C87362-8A36-4C86-84AB-27E77968D4CC}.Debug|Any CPU.ActiveCfg = Debug|Any CPU
		{14C87362-8A36-4C86-84AB-27E77968D4CC}.Debug|Any CPU.Build.0 = Debug|Any CPU
		{14C87362-8A36-4C86-84AB-27E77968D4CC}.Release|Any CPU.ActiveCfg = Release|Any CPU
		{14C87362-8A36-4C86-84AB-27E77968D4CC}.Release|Any CPU.Build.0 = Release|Any CPU
		{DA5F75E0-C7B8-45EF-9ED9-1BE587277A29}.Debug|Any CPU.ActiveCfg = Debug|Any CPU
		{DA5F75E0-C7B8-45EF-9ED9-1BE587277A29}.Debug|Any CPU.Build.0 = Debug|Any CPU
		{DA5F75E0-C7B8-45EF-9ED9-1BE587277A29}.Release|Any CPU.ActiveCfg = Release|Any CPU
		{DA5F75E0-C7B8-45EF-9ED9-1BE587277A29}.Release|Any CPU.Build.0 = Release|Any CPU
		{6D759A3C-0883-4753-B632-5F543268BBC0}.Debug|Any CPU.ActiveCfg = Debug|Any CPU
		{6D759A3C-0883-4753-B632-5F543268BBC0}.Debug|Any CPU.Build.0 = Debug|Any CPU
		{6D759A3C-0883-4753-B632-5F543268BBC0}.Release|Any CPU.ActiveCfg = Release|Any CPU
		{6D759A3C-0883-4753-B632-5F543268BBC0}.Release|Any CPU.Build.0 = Release|Any CPU
		{8386C507-3609-4102-AAD9-95B8628F1916}.Debug|Any CPU.ActiveCfg = Debug|Any CPU
		{8386C507-3609-4102-AAD9-95B8628F1916}.Debug|Any CPU.Build.0 = Debug|Any CPU
		{8386C507-3609-4102-AAD9-95B8628F1916}.Release|Any CPU.ActiveCfg = Release|Any CPU
		{8386C507-3609-4102-AAD9-95B8628F1916}.Release|Any CPU.Build.0 = Release|Any CPU
		{223DDF31-C89C-4AA0-ABF3-F8504D9F156C}.Debug|Any CPU.ActiveCfg = Debug|Any CPU
		{223DDF31-C89C-4AA0-ABF3-F8504D9F156C}.Debug|Any CPU.Build.0 = Debug|Any CPU
		{223DDF31-C89C-4AA0-ABF3-F8504D9F156C}.Release|Any CPU.ActiveCfg = Release|Any CPU
		{223DDF31-C89C-4AA0-ABF3-F8504D9F156C}.Release|Any CPU.Build.0 = Release|Any CPU
		{6E6664A5-12DF-4A56-8F7D-CEB0AD273678}.Debug|Any CPU.ActiveCfg = Debug|Any CPU
		{6E6664A5-12DF-4A56-8F7D-CEB0AD273678}.Debug|Any CPU.Build.0 = Debug|Any CPU
		{6E6664A5-12DF-4A56-8F7D-CEB0AD273678}.Release|Any CPU.ActiveCfg = Release|Any CPU
		{6E6664A5-12DF-4A56-8F7D-CEB0AD273678}.Release|Any CPU.Build.0 = Release|Any CPU
		{A88C98CA-B24C-4627-BD34-8029802F63DD}.Debug|Any CPU.ActiveCfg = Debug|Any CPU
		{A88C98CA-B24C-4627-BD34-8029802F63DD}.Debug|Any CPU.Build.0 = Debug|Any CPU
		{A88C98CA-B24C-4627-BD34-8029802F63DD}.Release|Any CPU.ActiveCfg = Release|Any CPU
		{A88C98CA-B24C-4627-BD34-8029802F63DD}.Release|Any CPU.Build.0 = Release|Any CPU
		{D6C87DA7-EBA0-4F02-A81F-1761C2651E96}.Debug|Any CPU.ActiveCfg = Debug|Any CPU
		{D6C87DA7-EBA0-4F02-A81F-1761C2651E96}.Debug|Any CPU.Build.0 = Debug|Any CPU
		{D6C87DA7-EBA0-4F02-A81F-1761C2651E96}.Release|Any CPU.ActiveCfg = Release|Any CPU
		{D6C87DA7-EBA0-4F02-A81F-1761C2651E96}.Release|Any CPU.Build.0 = Release|Any CPU
		{BA2F7C2B-D391-431C-95F8-53FC66E85C07}.Debug|Any CPU.ActiveCfg = Debug|Any CPU
		{BA2F7C2B-D391-431C-95F8-53FC66E85C07}.Debug|Any CPU.Build.0 = Debug|Any CPU
		{BA2F7C2B-D391-431C-95F8-53FC66E85C07}.Release|Any CPU.ActiveCfg = Release|Any CPU
		{BA2F7C2B-D391-431C-95F8-53FC66E85C07}.Release|Any CPU.Build.0 = Release|Any CPU
		{47557D87-6FAE-485C-938C-0468F40CE6E8}.Debug|Any CPU.ActiveCfg = Debug|Any CPU
		{47557D87-6FAE-485C-938C-0468F40CE6E8}.Debug|Any CPU.Build.0 = Debug|Any CPU
		{47557D87-6FAE-485C-938C-0468F40CE6E8}.Release|Any CPU.ActiveCfg = Release|Any CPU
		{47557D87-6FAE-485C-938C-0468F40CE6E8}.Release|Any CPU.Build.0 = Release|Any CPU
		{D113259F-264A-417B-A713-99772857B212}.Debug|Any CPU.ActiveCfg = Debug|Any CPU
		{D113259F-264A-417B-A713-99772857B212}.Debug|Any CPU.Build.0 = Debug|Any CPU
		{D113259F-264A-417B-A713-99772857B212}.Release|Any CPU.ActiveCfg = Release|Any CPU
		{D113259F-264A-417B-A713-99772857B212}.Release|Any CPU.Build.0 = Release|Any CPU
		{85E41B2C-5ED0-4D15-99DD-1AF1B7E5C470}.Debug|Any CPU.ActiveCfg = Debug|Any CPU
		{85E41B2C-5ED0-4D15-99DD-1AF1B7E5C470}.Debug|Any CPU.Build.0 = Debug|Any CPU
		{85E41B2C-5ED0-4D15-99DD-1AF1B7E5C470}.Release|Any CPU.ActiveCfg = Release|Any CPU
		{85E41B2C-5ED0-4D15-99DD-1AF1B7E5C470}.Release|Any CPU.Build.0 = Release|Any CPU
		{549AA6F2-42BB-4F11-8E5A-C36D84CF20C1}.Debug|Any CPU.ActiveCfg = Debug|Any CPU
		{549AA6F2-42BB-4F11-8E5A-C36D84CF20C1}.Debug|Any CPU.Build.0 = Debug|Any CPU
		{549AA6F2-42BB-4F11-8E5A-C36D84CF20C1}.Release|Any CPU.ActiveCfg = Release|Any CPU
		{549AA6F2-42BB-4F11-8E5A-C36D84CF20C1}.Release|Any CPU.Build.0 = Release|Any CPU
		{614B90AF-E642-41C1-BE5D-CE7CEAFA4259}.Debug|Any CPU.ActiveCfg = Debug|Any CPU
		{614B90AF-E642-41C1-BE5D-CE7CEAFA4259}.Debug|Any CPU.Build.0 = Debug|Any CPU
		{614B90AF-E642-41C1-BE5D-CE7CEAFA4259}.Release|Any CPU.ActiveCfg = Release|Any CPU
		{614B90AF-E642-41C1-BE5D-CE7CEAFA4259}.Release|Any CPU.Build.0 = Release|Any CPU
		{4714984A-55AE-4154-929A-D722A40ED5F3}.Debug|Any CPU.ActiveCfg = Debug|Any CPU
		{4714984A-55AE-4154-929A-D722A40ED5F3}.Debug|Any CPU.Build.0 = Debug|Any CPU
		{4714984A-55AE-4154-929A-D722A40ED5F3}.Release|Any CPU.ActiveCfg = Release|Any CPU
		{4714984A-55AE-4154-929A-D722A40ED5F3}.Release|Any CPU.Build.0 = Release|Any CPU
		{EDAC1343-22C5-4A13-B723-2C93DAF47641}.Debug|Any CPU.ActiveCfg = Debug|Any CPU
		{EDAC1343-22C5-4A13-B723-2C93DAF47641}.Debug|Any CPU.Build.0 = Debug|Any CPU
		{EDAC1343-22C5-4A13-B723-2C93DAF47641}.Release|Any CPU.ActiveCfg = Release|Any CPU
		{EDAC1343-22C5-4A13-B723-2C93DAF47641}.Release|Any CPU.Build.0 = Release|Any CPU
		{9F970E3A-3D01-4AC3-B07F-7FA66D3BE06D}.Debug|Any CPU.ActiveCfg = Debug|Any CPU
		{9F970E3A-3D01-4AC3-B07F-7FA66D3BE06D}.Debug|Any CPU.Build.0 = Debug|Any CPU
		{9F970E3A-3D01-4AC3-B07F-7FA66D3BE06D}.Release|Any CPU.ActiveCfg = Release|Any CPU
		{9F970E3A-3D01-4AC3-B07F-7FA66D3BE06D}.Release|Any CPU.Build.0 = Release|Any CPU
		{1982EFC4-625F-46AD-9629-8F9D2D6FBDC6}.Debug|Any CPU.ActiveCfg = Debug|Any CPU
		{1982EFC4-625F-46AD-9629-8F9D2D6FBDC6}.Debug|Any CPU.Build.0 = Debug|Any CPU
		{1982EFC4-625F-46AD-9629-8F9D2D6FBDC6}.Release|Any CPU.ActiveCfg = Release|Any CPU
		{1982EFC4-625F-46AD-9629-8F9D2D6FBDC6}.Release|Any CPU.Build.0 = Release|Any CPU
	EndGlobalSection
	GlobalSection(SolutionProperties) = preSolution
		HideSolutionNode = FALSE
	EndGlobalSection
	GlobalSection(NestedProjects) = preSolution
		{4313279C-A617-47E3-8D81-3E0732FC4F57} = {E092BCC1-07B6-44F1-8F5A-B89FC910894B}
		{14C87362-8A36-4C86-84AB-27E77968D4CC} = {E092BCC1-07B6-44F1-8F5A-B89FC910894B}
		{DA5F75E0-C7B8-45EF-9ED9-1BE587277A29} = {E092BCC1-07B6-44F1-8F5A-B89FC910894B}
		{6D759A3C-0883-4753-B632-5F543268BBC0} = {E092BCC1-07B6-44F1-8F5A-B89FC910894B}
		{8386C507-3609-4102-AAD9-95B8628F1916} = {9E79191C-3476-4FD3-955D-D77946D16CEB}
		{223DDF31-C89C-4AA0-ABF3-F8504D9F156C} = {9E79191C-3476-4FD3-955D-D77946D16CEB}
		{6E6664A5-12DF-4A56-8F7D-CEB0AD273678} = {9E79191C-3476-4FD3-955D-D77946D16CEB}
		{A88C98CA-B24C-4627-BD34-8029802F63DD} = {9E79191C-3476-4FD3-955D-D77946D16CEB}
		{D6C87DA7-EBA0-4F02-A81F-1761C2651E96} = {9E79191C-3476-4FD3-955D-D77946D16CEB}
		{BA2F7C2B-D391-431C-95F8-53FC66E85C07} = {9E79191C-3476-4FD3-955D-D77946D16CEB}
		{47557D87-6FAE-485C-938C-0468F40CE6E8} = {9E79191C-3476-4FD3-955D-D77946D16CEB}
		{85E41B2C-5ED0-4D15-99DD-1AF1B7E5C470} = {9E79191C-3476-4FD3-955D-D77946D16CEB}
		{4714984A-55AE-4154-929A-D722A40ED5F3} = {979CC4D8-9A80-4FFB-915B-51D732D1026F}
		{EDAC1343-22C5-4A13-B723-2C93DAF47641} = {979CC4D8-9A80-4FFB-915B-51D732D1026F}
		{9F970E3A-3D01-4AC3-B07F-7FA66D3BE06D} = {979CC4D8-9A80-4FFB-915B-51D732D1026F}
	EndGlobalSection
	GlobalSection(ExtensibilityGlobals) = postSolution
		SolutionGuid = {7FB5C25F-9AF7-42D2-B479-EC3CD0B407B8}
	EndGlobalSection
EndGlobal
